
Microsoft Visual Studio Solution File, Format Version 12.00
# Visual Studio 15
VisualStudioVersion = 15.0.28010.2036
MinimumVisualStudioVersion = 10.0.40219.1
Project("{FAE04EC0-301F-11D3-BF4B-00C04F79EFBC}") = "Sample_IO", "Sample_IO\Sample_IO.csproj", "{1033C592-D625-4F48-AE90-0B48FE45B079}"
EndProject
Global
	GlobalSection(SolutionConfigurationPlatforms) = preSolution
		Debug|Any CPU = Debug|Any CPU
		Release|Any CPU = Release|Any CPU
	EndGlobalSection
	GlobalSection(ProjectConfigurationPlatforms) = postSolution
		{1033C592-D625-4F48-AE90-0B48FE45B079}.Debug|Any CPU.ActiveCfg = Debug|Any CPU
		{1033C592-D625-4F48-AE90-0B48FE45B079}.Debug|Any CPU.Build.0 = Debug|Any CPU
		{1033C592-D625-4F48-AE90-0B48FE45B079}.Release|Any CPU.ActiveCfg = Release|Any CPU
		{1033C592-D625-4F48-AE90-0B48FE45B079}.Release|Any CPU.Build.0 = Release|Any CPU
	EndGlobalSection
	GlobalSection(SolutionProperties) = preSolution
		HideSolutionNode = FALSE
	EndGlobalSection
	GlobalSection(ExtensibilityGlobals) = postSolution
		SolutionGuid = {5CB8722E-6BFD-4DF5-9D0F-F471E6CC26F0}
	EndGlobalSection
EndGlobal
